
Microsoft Visual Studio Solution File, Format Version 12.00
# Visual Studio Version 17
VisualStudioVersion = 17.3.32901.215
MinimumVisualStudioVersion = 10.0.40219.1
Project("{FAE04EC0-301F-11D3-BF4B-00C04F79EFBC}") = "TPSocketNINOBELUZE", "TPSocketNINOBELUZE.csproj", "{86277B78-362E-4065-A131-222722E3EEC7}"
EndProject
Global
	GlobalSection(SolutionConfigurationPlatforms) = preSolution
		Debug|Any CPU = Debug|Any CPU
		Release|Any CPU = Release|Any CPU
	EndGlobalSection
	GlobalSection(ProjectConfigurationPlatforms) = postSolution
		{86277B78-362E-4065-A131-222722E3EEC7}.Debug|Any CPU.ActiveCfg = Debug|Any CPU
		{86277B78-362E-4065-A131-222722E3EEC7}.Debug|Any CPU.Build.0 = Debug|Any CPU
		{86277B78-362E-4065-A131-222722E3EEC7}.Release|Any CPU.ActiveCfg = Release|Any CPU
		{86277B78-362E-4065-A131-222722E3EEC7}.Release|Any CPU.Build.0 = Release|Any CPU
	EndGlobalSection
	GlobalSection(SolutionProperties) = preSolution
		HideSolutionNode = FALSE
	EndGlobalSection
	GlobalSection(ExtensibilityGlobals) = postSolution
		SolutionGuid = {35B6BA2D-0944-4B9D-ADF3-07E8F224B519}
	EndGlobalSection
EndGlobal
